
Microsoft Visual Studio Solution File, Format Version 12.00
# Visual Studio Version 17
VisualStudioVersion = 17.9.34723.18
MinimumVisualStudioVersion = 10.0.40219.1
Project("{FAE04EC0-301F-11D3-BF4B-00C04F79EFBC}") = "jlicuyExamen", "jlicuyExamen.csproj", "{CEB3C59E-51D2-45A5-B5C3-D188ABAA93E3}"
EndProject
Global
	GlobalSection(SolutionConfigurationPlatforms) = preSolution
		Debug|Any CPU = Debug|Any CPU
		Release|Any CPU = Release|Any CPU
	EndGlobalSection
	GlobalSection(ProjectConfigurationPlatforms) = postSolution
		{CEB3C59E-51D2-45A5-B5C3-D188ABAA93E3}.Debug|Any CPU.ActiveCfg = Debug|Any CPU
		{CEB3C59E-51D2-45A5-B5C3-D188ABAA93E3}.Debug|Any CPU.Build.0 = Debug|Any CPU
		{CEB3C59E-51D2-45A5-B5C3-D188ABAA93E3}.Debug|Any CPU.Deploy.0 = Debug|Any CPU
		{CEB3C59E-51D2-45A5-B5C3-D188ABAA93E3}.Release|Any CPU.ActiveCfg = Release|Any CPU
		{CEB3C59E-51D2-45A5-B5C3-D188ABAA93E3}.Release|Any CPU.Build.0 = Release|Any CPU
		{CEB3C59E-51D2-45A5-B5C3-D188ABAA93E3}.Release|Any CPU.Deploy.0 = Release|Any CPU
	EndGlobalSection
	GlobalSection(SolutionProperties) = preSolution
		HideSolutionNode = FALSE
	EndGlobalSection
	GlobalSection(ExtensibilityGlobals) = postSolution
		SolutionGuid = {EECD008F-DEF4-4BBE-B540-9A73420CF48E}
	EndGlobalSection
EndGlobal
